
Microsoft Visual Studio Solution File, Format Version 12.00
# Visual Studio 15
VisualStudioVersion = 15.0.26124.0
MinimumVisualStudioVersion = 15.0.26124.0
Project("{2150E333-8FDC-42A3-9474-1A3956D46DE8}") = "src", "src", "{929E5FBA-DB50-477E-822E-CB1E2810FA5E}"
EndProject
Project("{FAE04EC0-301F-11D3-BF4B-00C04F79EFBC}") = "CommandAPI", "src\CommandAPI\CommandAPI.csproj", "{6783DC4C-0A8E-46FA-A2C5-E8F50FC3C2A2}"
EndProject
Project("{2150E333-8FDC-42A3-9474-1A3956D46DE8}") = "test", "test", "{4A16C57A-DDD2-4B95-8CA2-60F592CF6307}"
EndProject
Project("{FAE04EC0-301F-11D3-BF4B-00C04F79EFBC}") = "CommandAPI.Tests", "test\CommandAPI.Tests\CommandAPI.Tests.csproj", "{629224E3-0E64-41E9-A392-D34D992A077F}"
EndProject
Global
	GlobalSection(SolutionConfigurationPlatforms) = preSolution
		Debug|Any CPU = Debug|Any CPU
		Debug|x64 = Debug|x64
		Debug|x86 = Debug|x86
		Release|Any CPU = Release|Any CPU
		Release|x64 = Release|x64
		Release|x86 = Release|x86
	EndGlobalSection
	GlobalSection(SolutionProperties) = preSolution
		HideSolutionNode = FALSE
	EndGlobalSection
	GlobalSection(ProjectConfigurationPlatforms) = postSolution
		{6783DC4C-0A8E-46FA-A2C5-E8F50FC3C2A2}.Debug|Any CPU.ActiveCfg = Debug|Any CPU
		{6783DC4C-0A8E-46FA-A2C5-E8F50FC3C2A2}.Debug|Any CPU.Build.0 = Debug|Any CPU
		{6783DC4C-0A8E-46FA-A2C5-E8F50FC3C2A2}.Debug|x64.ActiveCfg = Debug|Any CPU
		{6783DC4C-0A8E-46FA-A2C5-E8F50FC3C2A2}.Debug|x64.Build.0 = Debug|Any CPU
		{6783DC4C-0A8E-46FA-A2C5-E8F50FC3C2A2}.Debug|x86.ActiveCfg = Debug|Any CPU
		{6783DC4C-0A8E-46FA-A2C5-E8F50FC3C2A2}.Debug|x86.Build.0 = Debug|Any CPU
		{6783DC4C-0A8E-46FA-A2C5-E8F50FC3C2A2}.Release|Any CPU.ActiveCfg = Release|Any CPU
		{6783DC4C-0A8E-46FA-A2C5-E8F50FC3C2A2}.Release|Any CPU.Build.0 = Release|Any CPU
		{6783DC4C-0A8E-46FA-A2C5-E8F50FC3C2A2}.Release|x64.ActiveCfg = Release|Any CPU
		{6783DC4C-0A8E-46FA-A2C5-E8F50FC3C2A2}.Release|x64.Build.0 = Release|Any CPU
		{6783DC4C-0A8E-46FA-A2C5-E8F50FC3C2A2}.Release|x86.ActiveCfg = Release|Any CPU
		{6783DC4C-0A8E-46FA-A2C5-E8F50FC3C2A2}.Release|x86.Build.0 = Release|Any CPU
		{629224E3-0E64-41E9-A392-D34D992A077F}.Debug|Any CPU.ActiveCfg = Debug|Any CPU
		{629224E3-0E64-41E9-A392-D34D992A077F}.Debug|Any CPU.Build.0 = Debug|Any CPU
		{629224E3-0E64-41E9-A392-D34D992A077F}.Debug|x64.ActiveCfg = Debug|Any CPU
		{629224E3-0E64-41E9-A392-D34D992A077F}.Debug|x64.Build.0 = Debug|Any CPU
		{629224E3-0E64-41E9-A392-D34D992A077F}.Debug|x86.ActiveCfg = Debug|Any CPU
		{629224E3-0E64-41E9-A392-D34D992A077F}.Debug|x86.Build.0 = Debug|Any CPU
		{629224E3-0E64-41E9-A392-D34D992A077F}.Release|Any CPU.ActiveCfg = Release|Any CPU
		{629224E3-0E64-41E9-A392-D34D992A077F}.Release|Any CPU.Build.0 = Release|Any CPU
		{629224E3-0E64-41E9-A392-D34D992A077F}.Release|x64.ActiveCfg = Release|Any CPU
		{629224E3-0E64-41E9-A392-D34D992A077F}.Release|x64.Build.0 = Release|Any CPU
		{629224E3-0E64-41E9-A392-D34D992A077F}.Release|x86.ActiveCfg = Release|Any CPU
		{629224E3-0E64-41E9-A392-D34D992A077F}.Release|x86.Build.0 = Release|Any CPU
	EndGlobalSection
	GlobalSection(NestedProjects) = preSolution
		{6783DC4C-0A8E-46FA-A2C5-E8F50FC3C2A2} = {929E5FBA-DB50-477E-822E-CB1E2810FA5E}
		{629224E3-0E64-41E9-A392-D34D992A077F} = {4A16C57A-DDD2-4B95-8CA2-60F592CF6307}
	EndGlobalSection
EndGlobal
